{
  "name": "MindGraph3",
  "lockfileVersion": 3,
  "requires": true,
  "packages": {
    "": {
      "dependencies": {
        "jotai": "^2.16.1"
      }
    },
    "node_modules/jotai": {
      "version": "2.16.1",
      "resolved": "https://registry.npmjs.org/jotai/-/jotai-2.16.1.tgz",
      "integrity": "sha512-vrHcAbo3P7Br37C8Bv6JshMtlKMPqqmx0DDREtTjT4nf3QChDrYdbH+4ik/9V0cXA57dK28RkJ5dctYvavcIlg==",
      "license": "MIT",
      "engines": {
        "node": ">=12.20.0"
      },
      "peerDependencies": {
        "@babel/core": ">=7.0.0",
        "@babel/template": ">=7.0.0",
        "@types/react": ">=17.0.0",
        "react": ">=17.0.0"
      },
      "peerDependenciesMeta": {
        "@babel/core": {
          "optional": true
        },
        "@babel/template": {
          "optional": true
        },
        "@types/react": {
          "optional": true
        },
        "react": {
          "optional": true
        }
      }
    }
  }
}
